
Microsoft Visual Studio Solution File, Format Version 12.00
# Visual Studio Version 16
VisualStudioVersion = 16.0.30907.101
MinimumVisualStudioVersion = 10.0.40219.1
Project("{FAE04EC0-301F-11D3-BF4B-00C04F79EFBC}") = "Lotto", "Lab2\Lotto.csproj", "{D0B91A73-F403-4DF9-ACE2-8C8072E5C5D4}"
EndProject
Project("{FAE04EC0-301F-11D3-BF4B-00C04F79EFBC}") = "Miniräknare", "Miniräknare\Miniräknare.csproj", "{647E3CBB-79FD-413C-A864-826D6B165F19}"
EndProject
Global
	GlobalSection(SolutionConfigurationPlatforms) = preSolution
		Debug|Any CPU = Debug|Any CPU
		Release|Any CPU = Release|Any CPU
	EndGlobalSection
	GlobalSection(ProjectConfigurationPlatforms) = postSolution
		{D0B91A73-F403-4DF9-ACE2-8C8072E5C5D4}.Debug|Any CPU.ActiveCfg = Debug|Any CPU
		{D0B91A73-F403-4DF9-ACE2-8C8072E5C5D4}.Debug|Any CPU.Build.0 = Debug|Any CPU
		{D0B91A73-F403-4DF9-ACE2-8C8072E5C5D4}.Release|Any CPU.ActiveCfg = Release|Any CPU
		{D0B91A73-F403-4DF9-ACE2-8C8072E5C5D4}.Release|Any CPU.Build.0 = Release|Any CPU
		{647E3CBB-79FD-413C-A864-826D6B165F19}.Debug|Any CPU.ActiveCfg = Debug|Any CPU
		{647E3CBB-79FD-413C-A864-826D6B165F19}.Debug|Any CPU.Build.0 = Debug|Any CPU
		{647E3CBB-79FD-413C-A864-826D6B165F19}.Release|Any CPU.ActiveCfg = Release|Any CPU
		{647E3CBB-79FD-413C-A864-826D6B165F19}.Release|Any CPU.Build.0 = Release|Any CPU
	EndGlobalSection
	GlobalSection(SolutionProperties) = preSolution
		HideSolutionNode = FALSE
	EndGlobalSection
	GlobalSection(ExtensibilityGlobals) = postSolution
		SolutionGuid = {D7344E05-C2CE-4DE4-A9F6-44694A74CA75}
	EndGlobalSection
EndGlobal
